
Microsoft Visual Studio Solution File, Format Version 12.00
# Visual Studio 2015
Project("{FAE04EC0-301F-11D3-BF4B-00C04F79EFBC}") = "tech", "tech.csproj", "{5B8D07FD-3D54-AC85-294F-FFEE6FBD8D53}"
EndProject
Project("{FAE04EC0-301F-11D3-BF4B-00C04F79EFBC}") = "tech.Editor", "tech.Editor.csproj", "{5568DEF5-4F3E-3ED0-8C81-05B20FF5BD99}"
EndProject
Global
	GlobalSection(SolutionConfigurationPlatforms) = preSolution
		Debug|Any CPU = Debug|Any CPU
		Release|Any CPU = Release|Any CPU
	EndGlobalSection
	GlobalSection(ProjectConfigurationPlatforms) = postSolution
		{5B8D07FD-3D54-AC85-294F-FFEE6FBD8D53}.Debug|Any CPU.ActiveCfg = Debug|Any CPU
		{5B8D07FD-3D54-AC85-294F-FFEE6FBD8D53}.Debug|Any CPU.Build.0 = Debug|Any CPU
		{5B8D07FD-3D54-AC85-294F-FFEE6FBD8D53}.Release|Any CPU.ActiveCfg = Release|Any CPU
		{5B8D07FD-3D54-AC85-294F-FFEE6FBD8D53}.Release|Any CPU.Build.0 = Release|Any CPU
		{5568DEF5-4F3E-3ED0-8C81-05B20FF5BD99}.Debug|Any CPU.ActiveCfg = Debug|Any CPU
		{5568DEF5-4F3E-3ED0-8C81-05B20FF5BD99}.Debug|Any CPU.Build.0 = Debug|Any CPU
		{5568DEF5-4F3E-3ED0-8C81-05B20FF5BD99}.Release|Any CPU.ActiveCfg = Release|Any CPU
		{5568DEF5-4F3E-3ED0-8C81-05B20FF5BD99}.Release|Any CPU.Build.0 = Release|Any CPU
	EndGlobalSection
	GlobalSection(SolutionProperties) = preSolution
		HideSolutionNode = FALSE
	EndGlobalSection
EndGlobal
